
Microsoft Visual Studio Solution File, Format Version 12.00
# Visual Studio Version 17
VisualStudioVersion = 17.14.36408.4
MinimumVisualStudioVersion = 10.0.40219.1
Project("{2150E333-8FDC-42A3-9474-1A3956D46DE8}") = "Services", "Services", "{02EA681E-C7D8-13C7-8484-4AC65E1B71E8}"
EndProject
Project("{2150E333-8FDC-42A3-9474-1A3956D46DE8}") = "Catalog", "Catalog", "{0E916F3C-3AB1-45C0-8B8F-D4D500483334}"
EndProject
Project("{FAE04EC0-301F-11D3-BF4B-00C04F79EFBC}") = "Catalog.API", "Services\Catalog\Catalog.API\Catalog.API.csproj", "{B6CAA8FF-57D7-414E-AD3C-F629218A65CF}"
EndProject
Project("{2150E333-8FDC-42A3-9474-1A3956D46DE8}") = "BuildingBlocks", "BuildingBlocks", "{E74A84A9-3A79-42BF-BF52-AB6D1F35ED81}"
EndProject
Project("{FAE04EC0-301F-11D3-BF4B-00C04F79EFBC}") = "BuildingBlocks", "BuildingBlocks\BuildingBlocks\BuildingBlocks.csproj", "{45673CD3-6C34-4CD9-B273-CBBB4844E050}"
EndProject
Project("{E53339B2-1760-4266-BCC7-CA923CBCF16C}") = "docker-compose", "docker-compose.dcproj", "{81DDED9D-158B-E303-5F62-77A2896D2A5A}"
EndProject
Project("{2150E333-8FDC-42A3-9474-1A3956D46DE8}") = "Basket", "Basket", "{E6941374-E1F7-4DB2-8CA5-A29259FDADA4}"
EndProject
Project("{FAE04EC0-301F-11D3-BF4B-00C04F79EFBC}") = "Basket.API", "Services\Basket\Basket.API\Basket.API.csproj", "{7676E4E0-0DB8-4F68-9186-AD7F4F29ED10}"
EndProject
Project("{2150E333-8FDC-42A3-9474-1A3956D46DE8}") = "Discount", "Discount", "{547072B1-7BB6-4476-ACA8-61FEAAFB0E4E}"
EndProject
Project("{FAE04EC0-301F-11D3-BF4B-00C04F79EFBC}") = "Discount.Grpc", "Services\Discount\Discount.Grpc\Discount.Grpc.csproj", "{FC972506-FEB9-46FA-98B8-7ECF8B28DD94}"
EndProject
Global
	GlobalSection(SolutionConfigurationPlatforms) = preSolution
		Debug|Any CPU = Debug|Any CPU
		Release|Any CPU = Release|Any CPU
	EndGlobalSection
	GlobalSection(ProjectConfigurationPlatforms) = postSolution
		{B6CAA8FF-57D7-414E-AD3C-F629218A65CF}.Debug|Any CPU.ActiveCfg = Debug|Any CPU
		{B6CAA8FF-57D7-414E-AD3C-F629218A65CF}.Debug|Any CPU.Build.0 = Debug|Any CPU
		{B6CAA8FF-57D7-414E-AD3C-F629218A65CF}.Release|Any CPU.ActiveCfg = Release|Any CPU
		{B6CAA8FF-57D7-414E-AD3C-F629218A65CF}.Release|Any CPU.Build.0 = Release|Any CPU
		{45673CD3-6C34-4CD9-B273-CBBB4844E050}.Debug|Any CPU.ActiveCfg = Debug|Any CPU
		{45673CD3-6C34-4CD9-B273-CBBB4844E050}.Debug|Any CPU.Build.0 = Debug|Any CPU
		{45673CD3-6C34-4CD9-B273-CBBB4844E050}.Release|Any CPU.ActiveCfg = Release|Any CPU
		{45673CD3-6C34-4CD9-B273-CBBB4844E050}.Release|Any CPU.Build.0 = Release|Any CPU
		{81DDED9D-158B-E303-5F62-77A2896D2A5A}.Debug|Any CPU.ActiveCfg = Debug|Any CPU
		{81DDED9D-158B-E303-5F62-77A2896D2A5A}.Debug|Any CPU.Build.0 = Debug|Any CPU
		{81DDED9D-158B-E303-5F62-77A2896D2A5A}.Release|Any CPU.ActiveCfg = Release|Any CPU
		{81DDED9D-158B-E303-5F62-77A2896D2A5A}.Release|Any CPU.Build.0 = Release|Any CPU
		{7676E4E0-0DB8-4F68-9186-AD7F4F29ED10}.Debug|Any CPU.ActiveCfg = Debug|Any CPU
		{7676E4E0-0DB8-4F68-9186-AD7F4F29ED10}.Debug|Any CPU.Build.0 = Debug|Any CPU
		{7676E4E0-0DB8-4F68-9186-AD7F4F29ED10}.Release|Any CPU.ActiveCfg = Release|Any CPU
		{7676E4E0-0DB8-4F68-9186-AD7F4F29ED10}.Release|Any CPU.Build.0 = Release|Any CPU
		{FC972506-FEB9-46FA-98B8-7ECF8B28DD94}.Debug|Any CPU.ActiveCfg = Debug|Any CPU
		{FC972506-FEB9-46FA-98B8-7ECF8B28DD94}.Debug|Any CPU.Build.0 = Debug|Any CPU
		{FC972506-FEB9-46FA-98B8-7ECF8B28DD94}.Release|Any CPU.ActiveCfg = Release|Any CPU
		{FC972506-FEB9-46FA-98B8-7ECF8B28DD94}.Release|Any CPU.Build.0 = Release|Any CPU
	EndGlobalSection
	GlobalSection(SolutionProperties) = preSolution
		HideSolutionNode = FALSE
	EndGlobalSection
	GlobalSection(NestedProjects) = preSolution
		{0E916F3C-3AB1-45C0-8B8F-D4D500483334} = {02EA681E-C7D8-13C7-8484-4AC65E1B71E8}
		{B6CAA8FF-57D7-414E-AD3C-F629218A65CF} = {0E916F3C-3AB1-45C0-8B8F-D4D500483334}
		{E74A84A9-3A79-42BF-BF52-AB6D1F35ED81} = {02EA681E-C7D8-13C7-8484-4AC65E1B71E8}
		{45673CD3-6C34-4CD9-B273-CBBB4844E050} = {E74A84A9-3A79-42BF-BF52-AB6D1F35ED81}
		{E6941374-E1F7-4DB2-8CA5-A29259FDADA4} = {02EA681E-C7D8-13C7-8484-4AC65E1B71E8}
		{7676E4E0-0DB8-4F68-9186-AD7F4F29ED10} = {E6941374-E1F7-4DB2-8CA5-A29259FDADA4}
		{547072B1-7BB6-4476-ACA8-61FEAAFB0E4E} = {02EA681E-C7D8-13C7-8484-4AC65E1B71E8}
		{FC972506-FEB9-46FA-98B8-7ECF8B28DD94} = {547072B1-7BB6-4476-ACA8-61FEAAFB0E4E}
	EndGlobalSection
	GlobalSection(ExtensibilityGlobals) = postSolution
		SolutionGuid = {F724B4D3-507D-48BC-8501-A06DEFE28004}
	EndGlobalSection
EndGlobal
